
Microsoft Visual Studio Solution File, Format Version 12.00
# Visual Studio Version 17
VisualStudioVersion = 17.10.35013.160
MinimumVisualStudioVersion = 10.0.40219.1
Project("{FAE04EC0-301F-11D3-BF4B-00C04F79EFBC}") = "oops_1_bank_account", "oops_1_bank_account.csproj", "{14EAB1EA-6DFF-4C24-B155-012DC4EEF2C3}"
EndProject
Global
	GlobalSection(SolutionConfigurationPlatforms) = preSolution
		Debug|Any CPU = Debug|Any CPU
		Release|Any CPU = Release|Any CPU
	EndGlobalSection
	GlobalSection(ProjectConfigurationPlatforms) = postSolution
		{14EAB1EA-6DFF-4C24-B155-012DC4EEF2C3}.Debug|Any CPU.ActiveCfg = Debug|Any CPU
		{14EAB1EA-6DFF-4C24-B155-012DC4EEF2C3}.Debug|Any CPU.Build.0 = Debug|Any CPU
		{14EAB1EA-6DFF-4C24-B155-012DC4EEF2C3}.Release|Any CPU.ActiveCfg = Release|Any CPU
		{14EAB1EA-6DFF-4C24-B155-012DC4EEF2C3}.Release|Any CPU.Build.0 = Release|Any CPU
	EndGlobalSection
	GlobalSection(SolutionProperties) = preSolution
		HideSolutionNode = FALSE
	EndGlobalSection
	GlobalSection(ExtensibilityGlobals) = postSolution
		SolutionGuid = {9606A568-4FA4-408B-BC57-838F6BD2D43A}
	EndGlobalSection
EndGlobal
